
Microsoft Visual Studio Solution File, Format Version 12.00
# Visual Studio Version 16
VisualStudioVersion = 16.0.31613.86
MinimumVisualStudioVersion = 10.0.40219.1
Project("{FAE04EC0-301F-11D3-BF4B-00C04F79EFBC}") = "ReconciliationDemo", "ReconciliationDemo\ReconciliationDemo.csproj", "{8BF5CCBF-A812-4708-8CB9-7D377D7960D4}"
EndProject
Project("{FAE04EC0-301F-11D3-BF4B-00C04F79EFBC}") = "ReconciliationDemo.Core", "ReconciliationDemo.Core\ReconciliationDemo.Core.csproj", "{FDFA6119-2C18-40C0-96EE-5C10334497F1}"
EndProject
Global
	GlobalSection(SolutionConfigurationPlatforms) = preSolution
		Debug|Any CPU = Debug|Any CPU
		Release|Any CPU = Release|Any CPU
	EndGlobalSection
	GlobalSection(ProjectConfigurationPlatforms) = postSolution
		{8BF5CCBF-A812-4708-8CB9-7D377D7960D4}.Debug|Any CPU.ActiveCfg = Debug|Any CPU
		{8BF5CCBF-A812-4708-8CB9-7D377D7960D4}.Debug|Any CPU.Build.0 = Debug|Any CPU
		{8BF5CCBF-A812-4708-8CB9-7D377D7960D4}.Release|Any CPU.ActiveCfg = Release|Any CPU
		{8BF5CCBF-A812-4708-8CB9-7D377D7960D4}.Release|Any CPU.Build.0 = Release|Any CPU
		{FDFA6119-2C18-40C0-96EE-5C10334497F1}.Debug|Any CPU.ActiveCfg = Debug|Any CPU
		{FDFA6119-2C18-40C0-96EE-5C10334497F1}.Debug|Any CPU.Build.0 = Debug|Any CPU
		{FDFA6119-2C18-40C0-96EE-5C10334497F1}.Release|Any CPU.ActiveCfg = Release|Any CPU
		{FDFA6119-2C18-40C0-96EE-5C10334497F1}.Release|Any CPU.Build.0 = Release|Any CPU
	EndGlobalSection
	GlobalSection(SolutionProperties) = preSolution
		HideSolutionNode = FALSE
	EndGlobalSection
	GlobalSection(ExtensibilityGlobals) = postSolution
		SolutionGuid = {4504F148-AFAD-4991-A49A-B98DC8B6B840}
	EndGlobalSection
EndGlobal
